{
    "format_version": "0.2",
    "terraform_version": "1.0.5",
    "variables": {
        "APIM_CAPACITY": {
            "value": "1"
        },
        "APIM_IDENTITY_PROVIDER_CLIENT_ID": {
            "value": "xxx"
        },
        "APIM_IDENTITY_PROVIDER_CLIENT_SECRET": {
            "value": "xxx"
        },
        "APIM_SKU": {
            "value": "Developer"
        },
        "APIM_SNET_NAME": {
            "value": "Subnet_xxx"
        },
        "APIM_VNET_NAME": {
            "value": "xxx"
        },
        "INTER_CA": {
            "value": "xxx"
        },
        "RG_NAME": {
            "value": "xxx"
        },
        "ROOT_CA": {
            "value": "xxx"
        },
        "TENANT_ID": {
            "value": "xxx"
        }
    },
    "planned_values": {
        "root_module": {
            "resources": [
                {
                    "address": "azurerm_api_management.api_management",
                    "mode": "managed",
                    "type": "azurerm_api_management",
                    "name": "api_management",
                    "provider_name": "registry.terraform.io/hashicorp/azurerm",
                    "schema_version": 0,
                    "values": {
                        "additional_location": [],
                        "certificate": [
                            {
                                "certificate_password": null,
                                "encoded_certificate": "xxx",
                                "store_name": "CertificateAuthority"
                            },
                            {
                                "certificate_password": null,
                                "encoded_certificate": "xxx",
                                "store_name": "Root"
                            }
                        ],
                        "client_certificate_enabled": false,
                        "gateway_disabled": false,
                        "identity": [
                            {
                                "identity_ids": null,
                                "type": "SystemAssigned"
                            }
                        ],
                        "location": "westeurope",
                        "min_api_version": null,
                        "name": "temporaryName",
                        "publisher_email": "noreply@microsoft.com",
                        "publisher_name": "No reply",
                        "resource_group_name": "xxx",
                        "sign_up": [
                            {
                                "enabled": true,
                                "terms_of_service": [
                                    {
                                        "consent_required": false,
                                        "enabled": false,
                                        "text": null
                                    }
                                ]
                            }
                        ],
                        "sku_name": "Developer_1",
                        "tags": null,
                        "timeouts": null,
                        "virtual_network_configuration": [
                            {
                                "subnet_id": "xxx"
                            }
                        ],
                        "virtual_network_type": "Internal",
                        "zones": null
                    },
                    "sensitive_values": {
                        "additional_location": [],
                        "certificate": [
                            {},
                            {}
                        ],
                        "hostname_configuration": [],
                        "identity": [
                            {}
                        ],
                        "policy": [],
                        "private_ip_addresses": [],
                        "protocols": [],
                        "public_ip_addresses": [],
                        "security": [],
                        "sign_in": [],
                        "sign_up": [
                            {
                                "terms_of_service": [
                                    {}
                                ]
                            }
                        ],
                        "tenant_access": [],
                        "virtual_network_configuration": [
                            {}
                        ]
                    }
                },
                {
                    "address": "azurerm_api_management_identity_provider_aad.identity_provider_aad",
                    "mode": "managed",
                    "type": "azurerm_api_management_identity_provider_aad",
                    "name": "identity_provider_aad",
                    "provider_name": "registry.terraform.io/hashicorp/azurerm",
                    "schema_version": 0,
                    "values": {
                        "allowed_tenants": [
                            "xxxx"
                        ],
                        "api_management_name": "temporaryName",
                        "client_id": "xxxxx",
                        "client_secret": "xxxxx",
                        "resource_group_name": "xxxx",
                        "signin_tenant": "xxxx",
                        "timeouts": null
                    },
                    "sensitive_values": {
                        "allowed_tenants": [
                            false
                        ]
                    }
                },
                {
                    "address": "azurerm_application_insights.app_insights",
                    "mode": "managed",
                    "type": "azurerm_application_insights",
                    "name": "app_insights",
                    "provider_name": "registry.terraform.io/hashicorp/azurerm",
                    "schema_version": 0,
                    "values": {
                        "app_id": "xxxxx",
                        "application_type": "web",
                        "connection_string": "xxxx",
                        "daily_data_cap_in_gb": 100,
                        "daily_data_cap_notifications_disabled": false,
                        "disable_ip_masking": false,
                        "id": "xxxx",
                        "instrumentation_key": "xxxxx",
                        "location": "westeurope",
                        "name": "xxxx",
                        "resource_group_name": "xxxx",
                        "retention_in_days": 90,
                        "sampling_percentage": 100,
                        "tags": {
                            "aaa": "bbb"
                        },
                        "timeouts": null,
                        "workspace_id": null
                    },
                    "sensitive_values": {
                        "tags": {}
                    }
                },
                {
                    "address": "azurerm_private_dns_zone.xxx_dns_zone",
                    "mode": "managed",
                    "type": "azurerm_private_dns_zone",
                    "name": "xxx_dns_zone",
                    "provider_name": "registry.terraform.io/hashicorp/azurerm",
                    "schema_version": 0,
                    "values": {
                        "id": "xxx",
                        "max_number_of_record_sets": 25000,
                        "max_number_of_virtual_network_links": 1000,
                        "max_number_of_virtual_network_links_with_registration": 100,
                        "name": "xxx",
                        "number_of_record_sets": 3,
                        "resource_group_name": "xxxx",
                        "soa_record": [
                            {
                                "email": "azureprivatedns-host.microsoft.com",
                                "expire_time": 2419200,
                                "fqdn": "xxxx.",
                                "host_name": "azureprivatedns.net",
                                "minimum_ttl": 10,
                                "refresh_time": 3600,
                                "retry_time": 300,
                                "serial_number": 1,
                                "tags": {},
                                "ttl": 3600
                            }
                        ],
                        "tags": {
                            "aa": "bb"
                        },
                        "timeouts": null
                    },
                    "sensitive_values": {
                        "soa_record": [
                            {
                                "tags": {}
                            }
                        ],
                        "tags": {}
                    }
                },
                {
                    "address": "azurerm_private_dns_zone_virtual_network_link.private_dns_link",
                    "mode": "managed",
                    "type": "azurerm_private_dns_zone_virtual_network_link",
                    "name": "private_dns_link",
                    "provider_name": "registry.terraform.io/hashicorp/azurerm",
                    "schema_version": 0,
                    "values": {
                        "id": "xxx",
                        "name": "xxx-dns-link",
                        "private_dns_zone_name": "xxx.net",
                        "registration_enabled": false,
                        "resource_group_name": "xxxx",
                        "tags": {
                            "b": "b"
                        },
                        "timeouts": null,
                        "virtual_network_id": "xxxx"
                    },
                    "sensitive_values": {
                        "tags": {}
                    }
                }
            ]
        }
    },
    "resource_changes": [
        {
            "address": "azurerm_api_management.api_management",
            "mode": "managed",
            "type": "azurerm_api_management",
            "name": "api_management",
            "provider_name": "registry.terraform.io/hashicorp/azurerm",
            "change": {
                "actions": [
                    "delete",
                    "create"
                ],
                "before": {
                    "additional_location": [],
                    "certificate": [
                        {
                            "certificate_password": "",
                            "encoded_certificate": "lorem",
                            "store_name": "CertificateAuthority"
                        },
                        {
                            "certificate_password": "",
                            "encoded_certificate": "ipsum",
                            "store_name": "Root"
                        }
                    ],
                    "client_certificate_enabled": false,
                    "developer_portal_url": "https://sample.developer.azure-api.net",
                    "gateway_disabled": false,
                    "gateway_regional_url": "https://sample-westeurope-01.regional.azure-api.net",
                    "gateway_url": "https://sample.azure-api.net",
                    "hostname_configuration": [],
                    "id": "xxxx",
                    "identity": [
                        {
                            "identity_ids": [],
                            "principal_id": "xxxx",
                            "tenant_id": "xxxx",
                            "type": "SystemAssigned"
                        }
                    ],
                    "location": "westeurope",
                    "management_api_url": "https://sample.management.azure-api.net",
                    "min_api_version": "",
                    "name": "sample",
                    "notification_sender_email": "apimgmt-noreply@mail.windowsazure.com",
                    "policy": [
                        {
                            "xml_content": "\u003cpolicies\u003e\r\n\t\u003cinbound\u003e\r\n\t\t\u003cquota-by-key calls=\"40\" renewal-period=\"3600\" counter-key=\"@(context.Request.IpAddress)\" /\u003e\r\n\t\t\u003ccors allow-credentials=\"true\"\u003e\r\n\t\t\t\u003callowed-origins\u003e\r\n\t\t\t\t\u003corigin\u003ehttps://sample.developer.azure-api.net\u003c/origin\u003e\r\n\t\t\t\u003c/allowed-origins\u003e\r\n\t\t\t\u003callowed-methods preflight-result-max-age=\"300\"\u003e\r\n\t\t\t\t\u003cmethod\u003e*\u003c/method\u003e\r\n\t\t\t\u003c/allowed-methods\u003e\r\n\t\t\t\u003callowed-headers\u003e\r\n\t\t\t\t\u003cheader\u003e*\u003c/header\u003e\r\n\t\t\t\u003c/allowed-headers\u003e\r\n\t\t\t\u003cexpose-headers\u003e\r\n\t\t\t\t\u003cheader\u003e*\u003c/header\u003e\r\n\t\t\t\u003c/expose-headers\u003e\r\n\t\t\u003c/cors\u003e\r\n\t\u003c/inbound\u003e\r\n\t\u003cbackend\u003e\r\n\t\t\u003cforward-request /\u003e\r\n\t\u003c/backend\u003e\r\n\t\u003coutbound /\u003e\r\n\t\u003con-error /\u003e\r\n\u003c/policies\u003e",
                            "xml_link": ""
                        }
                    ],
                    "portal_url": "https://sample.portal.azure-api.net",
                    "private_ip_addresses": [
                        "1.2.3.1"
                    ],
                    "protocols": [
                        {
                            "enable_http2": false
                        }
                    ],
                    "public_ip_addresses": [
                        "1.2.3"
                    ],
                    "publisher_email": "noreply@microsoft.com",
                    "publisher_name": "No reply",
                    "resource_group_name": "xxxx",
                    "scm_url": "https://sample.scm.azure-api.net",
                    "security": [
                        {
                            "enable_backend_ssl30": false,
                            "enable_backend_tls10": false,
                            "enable_backend_tls11": false,
                            "enable_frontend_ssl30": false,
                            "enable_frontend_tls10": false,
                            "enable_frontend_tls11": false,
                            "enable_triple_des_ciphers": false,
                            "tls_ecdhe_ecdsa_with_aes128_cbc_sha_ciphers_enabled": false,
                            "tls_ecdhe_ecdsa_with_aes256_cbc_sha_ciphers_enabled": false,
                            "tls_ecdhe_rsa_with_aes128_cbc_sha_ciphers_enabled": false,
                            "tls_ecdhe_rsa_with_aes256_cbc_sha_ciphers_enabled": false,
                            "tls_rsa_with_aes128_cbc_sha256_ciphers_enabled": false,
                            "tls_rsa_with_aes128_cbc_sha_ciphers_enabled": false,
                            "tls_rsa_with_aes128_gcm_sha256_ciphers_enabled": false,
                            "tls_rsa_with_aes256_cbc_sha256_ciphers_enabled": false,
                            "tls_rsa_with_aes256_cbc_sha_ciphers_enabled": false,
                            "triple_des_ciphers_enabled": false
                        }
                    ],
                    "sign_in": [
                        {
                            "enabled": false
                        }
                    ],
                    "sign_up": [
                        {
                            "enabled": true,
                            "terms_of_service": [
                                {
                                    "consent_required": false,
                                    "enabled": false,
                                    "text": ""
                                }
                            ]
                        }
                    ],
                    "sku_name": "Developer_1",
                    "tags": {
                        "a": "b"
                    },
                    "tenant_access": [
                        {
                            "enabled": false,
                            "primary_key": "xxx",
                            "secondary_key": "xxx",
                            "tenant_id": "/tenant/access"
                        }
                    ],
                    "timeouts": null,
                    "virtual_network_configuration": [
                        {
                            "subnet_id": "xxx"
                        }
                    ],
                    "virtual_network_type": "Internal",
                    "zones": []
                },
                "after": {
                    "additional_location": [],
                    "certificate": [
                        {
                            "certificate_password": null,
                            "encoded_certificate": "lorem",
                            "store_name": "CertificateAuthority"
                        },
                        {
                            "certificate_password": null,
                            "encoded_certificate": "Mipsum",
                            "store_name": "Root"
                        }
                    ],
                    "client_certificate_enabled": false,
                    "gateway_disabled": false,
                    "identity": [
                        {
                            "identity_ids": null,
                            "type": "SystemAssigned"
                        }
                    ],
                    "location": "westeurope",
                    "min_api_version": null,
                    "name": "temporaryName",
                    "publisher_email": "noreply@microsoft.com",
                    "publisher_name": "No reply",
                    "resource_group_name": "xxxx",
                    "sign_up": [
                        {
                            "enabled": true,
                            "terms_of_service": [
                                {
                                    "consent_required": false,
                                    "enabled": false,
                                    "text": null
                                }
                            ]
                        }
                    ],
                    "sku_name": "Developer_1",
                    "tags": null,
                    "timeouts": null,
                    "virtual_network_configuration": [
                        {
                            "subnet_id": "xxx"
                        }
                    ],
                    "virtual_network_type": "Internal",
                    "zones": null
                },
                "after_unknown": {
                    "additional_location": [],
                    "certificate": [
                        {},
                        {}
                    ],
                    "developer_portal_url": true,
                    "gateway_regional_url": true,
                    "gateway_url": true,
                    "hostname_configuration": true,
                    "id": true,
                    "identity": [
                        {
                            "principal_id": true,
                            "tenant_id": true
                        }
                    ],
                    "management_api_url": true,
                    "notification_sender_email": true,
                    "policy": true,
                    "portal_url": true,
                    "private_ip_addresses": true,
                    "protocols": true,
                    "public_ip_addresses": true,
                    "scm_url": true,
                    "security": true,
                    "sign_in": true,
                    "sign_up": [
                        {
                            "terms_of_service": [
                                {}
                            ]
                        }
                    ],
                    "tenant_access": true,
                    "virtual_network_configuration": [
                        {}
                    ]
                },
                "before_sensitive": {
                    "additional_location": [],
                    "certificate": [
                        {
                            "certificate_password": true,
                            "encoded_certificate": true
                        },
                        {
                            "certificate_password": true,
                            "encoded_certificate": true
                        }
                    ],
                    "hostname_configuration": [],
                    "identity": [
                        {
                            "identity_ids": []
                        }
                    ],
                    "policy": [
                        {}
                    ],
                    "private_ip_addresses": [
                        false
                    ],
                    "protocols": [
                        {}
                    ],
                    "public_ip_addresses": [
                        false
                    ],
                    "security": [
                        {}
                    ],
                    "sign_in": [
                        {}
                    ],
                    "sign_up": [
                        {
                            "terms_of_service": [
                                {}
                            ]
                        }
                    ],
                    "tags": {},
                    "tenant_access": [
                        {
                            "primary_key": true,
                            "secondary_key": true
                        }
                    ],
                    "virtual_network_configuration": [
                        {}
                    ],
                    "zones": []
                },
                "after_sensitive": {
                    "additional_location": [],
                    "certificate": [
                        {
                            "certificate_password": true,
                            "encoded_certificate": true
                        },
                        {
                            "certificate_password": true,
                            "encoded_certificate": true
                        }
                    ],
                    "hostname_configuration": [],
                    "identity": [
                        {}
                    ],
                    "policy": [],
                    "private_ip_addresses": [],
                    "protocols": [],
                    "public_ip_addresses": [],
                    "security": [],
                    "sign_in": [],
                    "sign_up": [
                        {
                            "terms_of_service": [
                                {}
                            ]
                        }
                    ],
                    "tenant_access": [],
                    "virtual_network_configuration": [
                        {}
                    ]
                },
                "replace_paths": [
                    [
                        "name"
                    ]
                ]
            },
            "action_reason": "replace_because_cannot_update"
        },
        {
            "address": "azurerm_api_management_identity_provider_aad.identity_provider_aad",
            "mode": "managed",
            "type": "azurerm_api_management_identity_provider_aad",
            "name": "identity_provider_aad",
            "provider_name": "registry.terraform.io/hashicorp/azurerm",
            "change": {
                "actions": [
                    "delete",
                    "create"
                ],
                "before": {
                    "allowed_tenants": [
                        "xxxx"
                    ],
                    "api_management_name": "sample",
                    "client_id": "xxxxx",
                    "client_secret": "xxxxx",
                    "id": "/subscriptions/xxxxxxx/resourceGroups/xxxx/providers/Microsoft.ApiManagement/service/sample/identityProviders/Aad",
                    "resource_group_name": "xxxx",
                    "signin_tenant": "xxxx",
                    "timeouts": null
                },
                "after": {
                    "allowed_tenants": [
                        "xxxx"
                    ],
                    "api_management_name": "temporaryName",
                    "client_id": "xxxxx",
                    "client_secret": "xxxxx",
                    "resource_group_name": "xxxx",
                    "signin_tenant": "xxxx",
                    "timeouts": null
                },
                "after_unknown": {
                    "allowed_tenants": [
                        false
                    ],
                    "id": true
                },
                "before_sensitive": {
                    "allowed_tenants": [
                        false
                    ],
                    "client_secret": true
                },
                "after_sensitive": {
                    "allowed_tenants": [
                        false
                    ],
                    "client_secret": true
                },
                "replace_paths": [
                    [
                        "api_management_name"
                    ]
                ]
            },
            "action_reason": "replace_because_cannot_update"
        },
        {
            "address": "azurerm_application_insights.app_insights",
            "mode": "managed",
            "type": "azurerm_application_insights",
            "name": "app_insights",
            "provider_name": "registry.terraform.io/hashicorp/azurerm",
            "change": {
                "actions": [
                    "no-op"
                ],
                "before": {
                    "app_id": "xxxxx",
                    "application_type": "web",
                    "connection_string": "xxxxxxxxx",
                    "daily_data_cap_in_gb": 100,
                    "daily_data_cap_notifications_disabled": false,
                    "disable_ip_masking": false,
                    "id": "/subscriptions/xxxxxxx/resourceGroups/xxxx/providers/microsoft.insights/components/xxxxxx",
                    "instrumentation_key": "xxxxxx",
                    "location": "westeurope",
                    "name": "xxxxxx",
                    "resource_group_name": "xxxx",
                    "retention_in_days": 90,
                    "sampling_percentage": 100,
                    "tags": {
                        "a": "b"
                    },
                    "timeouts": null,
                    "workspace_id": null
                },
                "after": {
                    "app_id": "xxxxx",
                    "application_type": "web",
                    "connection_string": "InstrumentationKey=xxxxxx;IngestionEndpoint=https://westeurope-1.in.applicationinsights.azure.com/",
                    "daily_data_cap_in_gb": 100,
                    "daily_data_cap_notifications_disabled": false,
                    "disable_ip_masking": false,
                    "id": "/subscriptions/xxxxxxx/resourceGroups/xxxx/providers/microsoft.insights/components/xxxxxx",
                    "instrumentation_key": "xxxxxx",
                    "location": "westeurope",
                    "name": "xxxxxx",
                    "resource_group_name": "xxxx",
                    "retention_in_days": 90,
                    "sampling_percentage": 100,
                    "tags": {
                        "a": "b"
                    },
                    "timeouts": null,
                    "workspace_id": null
                },
                "after_unknown": {},
                "before_sensitive": {
                    "connection_string": true,
                    "instrumentation_key": true,
                    "tags": {}
                },
                "after_sensitive": {
                    "connection_string": true,
                    "instrumentation_key": true,
                    "tags": {}
                }
            }
        },
        {
            "address": "azurerm_private_dns_zone.xxxx_dns_zone",
            "mode": "managed",
            "type": "azurerm_private_dns_zone",
            "name": "xxxx_dns_zone",
            "provider_name": "registry.terraform.io/hashicorp/azurerm",
            "change": {
                "actions": [
                    "no-op"
                ],
                "before": {
                    "id": "/subscriptions/xxxxxxx/resourceGroups/xxxx/providers/Microsoft.Network/privateDnsZones/xxxx.net",
                    "max_number_of_record_sets": 25000,
                    "max_number_of_virtual_network_links": 1000,
                    "max_number_of_virtual_network_links_with_registration": 100,
                    "name": "xxxx.net",
                    "number_of_record_sets": 3,
                    "resource_group_name": "xxxx",
                    "soa_record": [
                        {
                            "email": "azureprivatedns-host.microsoft.com",
                            "expire_time": 2419200,
                            "fqdn": "xxxx.net.",
                            "host_name": "azureprivatedns.net",
                            "minimum_ttl": 10,
                            "refresh_time": 3600,
                            "retry_time": 300,
                            "serial_number": 1,
                            "tags": {},
                            "ttl": 3600
                        }
                    ],
                    "tags": {
                        "a": "b"
                    },
                    "timeouts": null
                },
                "after": {
                    "id": "/subscriptions/xxxxxxx/resourceGroups/xxxx/providers/Microsoft.Network/privateDnsZones/xxxx.net",
                    "max_number_of_record_sets": 25000,
                    "max_number_of_virtual_network_links": 1000,
                    "max_number_of_virtual_network_links_with_registration": 100,
                    "name": "xxxx.net",
                    "number_of_record_sets": 3,
                    "resource_group_name": "xxxx",
                    "soa_record": [
                        {
                            "email": "azureprivatedns-host.microsoft.com",
                            "expire_time": 2419200,
                            "fqdn": "xxxx.net.",
                            "host_name": "azureprivatedns.net",
                            "minimum_ttl": 10,
                            "refresh_time": 3600,
                            "retry_time": 300,
                            "serial_number": 1,
                            "tags": {},
                            "ttl": 3600
                        }
                    ],
                    "tags": {
                        "a": "b"
                    },
                    "timeouts": null
                },
                "after_unknown": {},
                "before_sensitive": {
                    "soa_record": [
                        {
                            "tags": {}
                        }
                    ],
                    "tags": {}
                },
                "after_sensitive": {
                    "soa_record": [
                        {
                            "tags": {}
                        }
                    ],
                    "tags": {}
                }
            }
        },
        {
            "address": "azurerm_private_dns_zone_virtual_network_link.private_dns_link",
            "mode": "managed",
            "type": "azurerm_private_dns_zone_virtual_network_link",
            "name": "private_dns_link",
            "provider_name": "registry.terraform.io/hashicorp/azurerm",
            "change": {
                "actions": [
                    "no-op"
                ],
                "before": {
                    "id": "/subscriptions/xxxxxxx/resourceGroups/xxxx/providers/Microsoft.Network/privateDnsZones/xxxx.net/virtualNetworkLinks/xxxx-dns-link",
                    "name": "xxxx-dns-link",
                    "private_dns_zone_name": "xxxx.net",
                    "registration_enabled": false,
                    "resource_group_name": "xxxx",
                    "tags": {
                        "a": "b"
                    },
                    "timeouts": null,
                    "virtual_network_id": "/subscriptions/xxxxxxx/resourceGroups/xxxx/providers/Microsoft.Network/virtualNetworks/xxxxxxx"
                },
                "after": {
                    "id": "/subscriptions/xxxxxxx/resourceGroups/xxxx/providers/Microsoft.Network/privateDnsZones/xxxx.net/virtualNetworkLinks/xxxx-dns-link",
                    "name": "xxxx-dns-link",
                    "private_dns_zone_name": "xxxx.net",
                    "registration_enabled": false,
                    "resource_group_name": "xxxx",
                    "tags": {
                        "a": "b"
                    },
                    "timeouts": null,
                    "virtual_network_id": "/subscriptions/xxxxxxx/resourceGroups/xxxx/providers/Microsoft.Network/virtualNetworks/xxxxxxx"
                },
                "after_unknown": {},
                "before_sensitive": {
                    "tags": {}
                },
                "after_sensitive": {
                    "tags": {}
                }
            }
        }
    ],
    "prior_state": {
        "format_version": "0.2",
        "terraform_version": "1.0.5",
        "values": {
            "root_module": {
                "resources": [
                    {
                        "address": "azurerm_api_management.api_management",
                        "mode": "managed",
                        "type": "azurerm_api_management",
                        "name": "api_management",
                        "provider_name": "registry.terraform.io/hashicorp/azurerm",
                        "schema_version": 0,
                        "values": {
                            "additional_location": [],
                            "certificate": [
                                {
                                    "certificate_password": "",
                                    "encoded_certificate": "xxx",
                                    "store_name": "CertificateAuthority"
                                },
                                {
                                    "certificate_password": "",
                                    "encoded_certificate": "xxx",
                                    "store_name": "Root"
                                }
                            ],
                            "client_certificate_enabled": false,
                            "developer_portal_url": "https://sample.developer.azure-api.net",
                            "gateway_disabled": false,
                            "gateway_regional_url": "https://sample-westeurope-01.regional.azure-api.net",
                            "gateway_url": "https://sample.azure-api.net",
                            "hostname_configuration": [],
                            "id": "/subscriptions/xxxxxxx/resourceGroups/xxxx/providers/Microsoft.ApiManagement/service/sample",
                            "identity": [
                                {
                                    "identity_ids": [],
                                    "principal_id": "xxx",
                                    "tenant_id": "xxxx",
                                    "type": "SystemAssigned"
                                }
                            ],
                            "location": "westeurope",
                            "management_api_url": "https://sample.management.azure-api.net",
                            "min_api_version": "",
                            "name": "sample",
                            "notification_sender_email": "apimgmt-noreply@mail.windowsazure.com",
                            "policy": [
                                {
                                    "xml_content": "\u003cpolicies\u003e\r\n\t\u003cinbound\u003e\r\n\t\t\u003cquota-by-key calls=\"40\" renewal-period=\"3600\" counter-key=\"@(context.Request.IpAddress)\" /\u003e\r\n\t\t\u003ccors allow-credentials=\"true\"\u003e\r\n\t\t\t\u003callowed-origins\u003e\r\n\t\t\t\t\u003corigin\u003ehttps://sample.developer.azure-api.net\u003c/origin\u003e\r\n\t\t\t\u003c/allowed-origins\u003e\r\n\t\t\t\u003callowed-methods preflight-result-max-age=\"300\"\u003e\r\n\t\t\t\t\u003cmethod\u003e*\u003c/method\u003e\r\n\t\t\t\u003c/allowed-methods\u003e\r\n\t\t\t\u003callowed-headers\u003e\r\n\t\t\t\t\u003cheader\u003e*\u003c/header\u003e\r\n\t\t\t\u003c/allowed-headers\u003e\r\n\t\t\t\u003cexpose-headers\u003e\r\n\t\t\t\t\u003cheader\u003e*\u003c/header\u003e\r\n\t\t\t\u003c/expose-headers\u003e\r\n\t\t\u003c/cors\u003e\r\n\t\u003c/inbound\u003e\r\n\t\u003cbackend\u003e\r\n\t\t\u003cforward-request /\u003e\r\n\t\u003c/backend\u003e\r\n\t\u003coutbound /\u003e\r\n\t\u003con-error /\u003e\r\n\u003c/policies\u003e",
                                    "xml_link": ""
                                }
                            ],
                            "portal_url": "https://sample.portal.azure-api.net",
                            "private_ip_addresses": [
                                "1.1.1.1"
                            ],
                            "protocols": [
                                {
                                    "enable_http2": false
                                }
                            ],
                            "public_ip_addresses": [
                                "52.174.68.203"
                            ],
                            "publisher_email": "noreply@microsoft.com",
                            "publisher_name": "No reply",
                            "resource_group_name": "xxxx",
                            "scm_url": "https://sample.scm.azure-api.net",
                            "security": [
                                {
                                    "enable_backend_ssl30": false,
                                    "enable_backend_tls10": false,
                                    "enable_backend_tls11": false,
                                    "enable_frontend_ssl30": false,
                                    "enable_frontend_tls10": false,
                                    "enable_frontend_tls11": false,
                                    "enable_triple_des_ciphers": false,
                                    "tls_ecdhe_ecdsa_with_aes128_cbc_sha_ciphers_enabled": false,
                                    "tls_ecdhe_ecdsa_with_aes256_cbc_sha_ciphers_enabled": false,
                                    "tls_ecdhe_rsa_with_aes128_cbc_sha_ciphers_enabled": false,
                                    "tls_ecdhe_rsa_with_aes256_cbc_sha_ciphers_enabled": false,
                                    "tls_rsa_with_aes128_cbc_sha256_ciphers_enabled": false,
                                    "tls_rsa_with_aes128_cbc_sha_ciphers_enabled": false,
                                    "tls_rsa_with_aes128_gcm_sha256_ciphers_enabled": false,
                                    "tls_rsa_with_aes256_cbc_sha256_ciphers_enabled": false,
                                    "tls_rsa_with_aes256_cbc_sha_ciphers_enabled": false,
                                    "triple_des_ciphers_enabled": false
                                }
                            ],
                            "sign_in": [
                                {
                                    "enabled": false
                                }
                            ],
                            "sign_up": [
                                {
                                    "enabled": true,
                                    "terms_of_service": [
                                        {
                                            "consent_required": false,
                                            "enabled": false,
                                            "text": ""
                                        }
                                    ]
                                }
                            ],
                            "sku_name": "Developer_1",
                            "tags": {
                                "a": "b"
                            },
                            "tenant_access": [
                                {
                                    "enabled": false,
                                    "primary_key": "aaa",
                                    "secondary_key": "bbb",
                                    "tenant_id": "/tenant/access"
                                }
                            ],
                            "timeouts": null,
                            "virtual_network_configuration": [
                                {
                                    "subnet_id": "/subscriptions/xxxxxxx/resourcegroups/xxxx/providers/microsoft.network/virtualnetworks/xxxxxxx/subnets/Subnet_Apimgmnt_1"
                                }
                            ],
                            "virtual_network_type": "Internal",
                            "zones": []
                        },
                        "sensitive_values": {
                            "additional_location": [],
                            "certificate": [
                                {},
                                {}
                            ],
                            "hostname_configuration": [],
                            "identity": [
                                {
                                    "identity_ids": []
                                }
                            ],
                            "policy": [
                                {}
                            ],
                            "private_ip_addresses": [
                                false
                            ],
                            "protocols": [
                                {}
                            ],
                            "public_ip_addresses": [
                                false
                            ],
                            "security": [
                                {}
                            ],
                            "sign_in": [
                                {}
                            ],
                            "sign_up": [
                                {
                                    "terms_of_service": [
                                        {}
                                    ]
                                }
                            ],
                            "tags": {},
                            "tenant_access": [
                                {}
                            ],
                            "virtual_network_configuration": [
                                {}
                            ],
                            "zones": []
                        },
                        "depends_on": [
                            "data.azurerm_resource_group.rg",
                            "data.azurerm_subnet.subnet",
                            "data.azurerm_virtual_network.vnet"
                        ]
                    },
                    {
                        "address": "azurerm_api_management_identity_provider_aad.identity_provider_aad",
                        "mode": "managed",
                        "type": "azurerm_api_management_identity_provider_aad",
                        "name": "identity_provider_aad",
                        "provider_name": "registry.terraform.io/hashicorp/azurerm",
                        "schema_version": 0,
                        "values": {
                            "allowed_tenants": [
                                "xxxx"
                            ],
                            "api_management_name": "sample",
                            "client_id": "xxxxx",
                            "client_secret": "xxxxx",
                            "id": "/subscriptions/xxxxxxx/resourceGroups/xxxx/providers/Microsoft.ApiManagement/service/sample/identityProviders/Aad",
                            "resource_group_name": "xxxx",
                            "signin_tenant": "xxxx",
                            "timeouts": null
                        },
                        "sensitive_values": {
                            "allowed_tenants": [
                                false
                            ]
                        },
                        "depends_on": [
                            "data.azurerm_virtual_network.vnet",
                            "azurerm_api_management.api_management",
                            "data.azurerm_resource_group.rg",
                            "data.azurerm_subnet.subnet"
                        ]
                    },
                    {
                        "address": "azurerm_application_insights.app_insights",
                        "mode": "managed",
                        "type": "azurerm_application_insights",
                        "name": "app_insights",
                        "provider_name": "registry.terraform.io/hashicorp/azurerm",
                        "schema_version": 0,
                        "values": {
                            "app_id": "xxxxx",
                            "application_type": "web",
                            "connection_string": "InstrumentationKey=xxxxxx;IngestionEndpoint=https://westeurope-1.in.applicationinsights.azure.com/",
                            "daily_data_cap_in_gb": 100,
                            "daily_data_cap_notifications_disabled": false,
                            "disable_ip_masking": false,
                            "id": "/subscriptions/xxxxxxx/resourceGroups/xxxx/providers/microsoft.insights/components/xxxxxx",
                            "instrumentation_key": "xxxxxx",
                            "location": "westeurope",
                            "name": "xxxxxx",
                            "resource_group_name": "xxxx",
                            "retention_in_days": 90,
                            "sampling_percentage": 100,
                            "tags": {
                                "a": "b"
                            },
                            "timeouts": null,
                            "workspace_id": null
                        },
                        "sensitive_values": {
                            "tags": {}
                        },
                        "depends_on": [
                            "data.azurerm_resource_group.rg"
                        ]
                    },
                    {
                        "address": "azurerm_private_dns_zone.xxxx_dns_zone",
                        "mode": "managed",
                        "type": "azurerm_private_dns_zone",
                        "name": "xxxx_dns_zone",
                        "provider_name": "registry.terraform.io/hashicorp/azurerm",
                        "schema_version": 0,
                        "values": {
                            "id": "/subscriptions/xxxxxxx/resourceGroups/xxxx/providers/Microsoft.Network/privateDnsZones/xxxx.net",
                            "max_number_of_record_sets": 25000,
                            "max_number_of_virtual_network_links": 1000,
                            "max_number_of_virtual_network_links_with_registration": 100,
                            "name": "xxxx.net",
                            "number_of_record_sets": 3,
                            "resource_group_name": "xxxx",
                            "soa_record": [
                                {
                                    "email": "azureprivatedns-host.microsoft.com",
                                    "expire_time": 2419200,
                                    "fqdn": "xxxx.net.",
                                    "host_name": "azureprivatedns.net",
                                    "minimum_ttl": 10,
                                    "refresh_time": 3600,
                                    "retry_time": 300,
                                    "serial_number": 1,
                                    "tags": {},
                                    "ttl": 3600
                                }
                            ],
                            "tags": {
                                "a": "b"
                            },
                            "timeouts": null
                        },
                        "sensitive_values": {
                            "soa_record": [
                                {
                                    "tags": {}
                                }
                            ],
                            "tags": {}
                        },
                        "depends_on": [
                            "data.azurerm_resource_group.rg"
                        ]
                    },
                    {
                        "address": "azurerm_private_dns_zone_virtual_network_link.private_dns_link",
                        "mode": "managed",
                        "type": "azurerm_private_dns_zone_virtual_network_link",
                        "name": "private_dns_link",
                        "provider_name": "registry.terraform.io/hashicorp/azurerm",
                        "schema_version": 0,
                        "values": {
                            "id": "/subscriptions/xxxxxxx/resourceGroups/xxxx/providers/Microsoft.Network/privateDnsZones/xxxx.net/virtualNetworkLinks/xxxx-dns-link",
                            "name": "xxxx-dns-link",
                            "private_dns_zone_name": "xxxx.net",
                            "registration_enabled": false,
                            "resource_group_name": "xxxx",
                            "tags": {
                                "a": "b"
                            },
                            "timeouts": null,
                            "virtual_network_id": "/subscriptions/xxxxxxx/resourceGroups/xxxx/providers/Microsoft.Network/virtualNetworks/xxxxxxx"
                        },
                        "sensitive_values": {
                            "tags": {}
                        },
                        "depends_on": [
                            "azurerm_private_dns_zone.xxxx_dns_zone",
                            "data.azurerm_resource_group.rg",
                            "data.azurerm_virtual_network.vnet"
                        ]
                    },
                    {
                        "address": "data.azurerm_resource_group.rg",
                        "mode": "data",
                        "type": "azurerm_resource_group",
                        "name": "rg",
                        "provider_name": "registry.terraform.io/hashicorp/azurerm",
                        "schema_version": 0,
                        "values": {
                            "id": "/subscriptions/xxxxxxx/resourceGroups/xxxx",
                            "location": "westeurope",
                            "name": "xxxx",
                            "tags": {
                                "a": "b"
                            },
                            "timeouts": null
                        },
                        "sensitive_values": {
                            "tags": {}
                        }
                    },
                    {
                        "address": "data.azurerm_subnet.subnet",
                        "mode": "data",
                        "type": "azurerm_subnet",
                        "name": "subnet",
                        "provider_name": "registry.terraform.io/hashicorp/azurerm",
                        "schema_version": 0,
                        "values": {
                            "address_prefix": "1.1.1.1/27",
                            "address_prefixes": [
                                "11.1.1.1/27"
                            ],
                            "enforce_private_link_endpoint_network_policies": false,
                            "enforce_private_link_service_network_policies": false,
                            "id": "/subscriptions/xxxxxxx/resourceGroups/xxxx/providers/Microsoft.Network/virtualNetworks/xxxxxxx/subnets/Subnet_Apimgmnt_1",
                            "name": "Subnet_Apimgmnt_1",
                            "network_security_group_id": "",
                            "resource_group_name": "xxxx",
                            "route_table_id": "/subscriptions/xxxxxxx/resourceGroups/xxxx/providers/Microsoft.Network/routeTables/xxxx",
                            "service_endpoints": [
                                "Microsoft.KeyVault"
                            ],
                            "timeouts": null,
                            "virtual_network_name": "xxxxxxx"
                        },
                        "sensitive_values": {
                            "address_prefixes": [
                                false
                            ],
                            "service_endpoints": [
                                false
                            ]
                        }
                    },
                    {
                        "address": "data.azurerm_virtual_network.vnet",
                        "mode": "data",
                        "type": "azurerm_virtual_network",
                        "name": "vnet",
                        "provider_name": "registry.terraform.io/hashicorp/azurerm",
                        "schema_version": 0,
                        "values": {
                            "address_space": [
                                "1.1.1.1/24"
                            ],
                            "dns_servers": null,
                            "guid": "xxxx",
                            "id": "/subscriptions/xxxxxxx/resourceGroups/xxxx/providers/Microsoft.Network/virtualNetworks/xxxxxxx",
                            "location": "westeurope",
                            "name": "xxxxxxx",
                            "resource_group_name": "xxxx",
                            "subnets": [
                                "networkingtest",
                                "Subnet_Apimgmnt_1"
                            ],
                            "timeouts": null,
                            "vnet_peerings": {
                                "xxxx": "/subscriptions/xxxxxxx/resourceGroups/xxxx/providers/Microsoft.Network/virtualNetworks/xxxx"
                            }
                        },
                        "sensitive_values": {
                            "address_space": [
                                false
                            ],
                            "subnets": [
                                false,
                                false
                            ],
                            "vnet_peerings": {}
                        }
                    }
                ]
            }
        }
    },
    "configuration": {
        "provider_config": {
            "azurerm": {
                "name": "azurerm",
                "version_constraint": "2.73.0",
                "expressions": {
                    "features": [
                        {}
                    ],
                    "skip_provider_registration": {
                        "constant_value": true
                    }
                }
            }
        },
        "root_module": {
            "resources": [
                {
                    "address": "azurerm_api_management.api_management",
                    "mode": "managed",
                    "type": "azurerm_api_management",
                    "name": "api_management",
                    "provider_config_key": "azurerm",
                    "expressions": {
                        "certificate": [
                            {
                                "encoded_certificate": {
                                    "references": [
                                        "var.INTER_CA"
                                    ]
                                },
                                "store_name": {
                                    "constant_value": "CertificateAuthority"
                                }
                            },
                            {
                                "encoded_certificate": {
                                    "references": [
                                        "var.ROOT_CA"
                                    ]
                                },
                                "store_name": {
                                    "constant_value": "Root"
                                }
                            }
                        ],
                        "identity": [
                            {
                                "type": {
                                    "constant_value": "SystemAssigned"
                                }
                            }
                        ],
                        "location": {
                            "references": [
                                "data.azurerm_resource_group.rg.location",
                                "data.azurerm_resource_group.rg"
                            ]
                        },
                        "name": {
                            "constant_value": "temporaryName"
                        },
                        "publisher_email": {
                            "constant_value": "noreply@microsoft.com"
                        },
                        "publisher_name": {
                            "constant_value": "No reply"
                        },
                        "resource_group_name": {
                            "references": [
                                "data.azurerm_resource_group.rg.name",
                                "data.azurerm_resource_group.rg"
                            ]
                        },
                        "sign_up": [
                            {
                                "enabled": {
                                    "constant_value": true
                                },
                                "terms_of_service": [
                                    {
                                        "consent_required": {
                                            "constant_value": false
                                        },
                                        "enabled": {
                                            "constant_value": false
                                        }
                                    }
                                ]
                            }
                        ],
                        "sku_name": {
                            "references": [
                                "local.apim_sku_name"
                            ]
                        },
                        "virtual_network_configuration": [
                            {
                                "subnet_id": {
                                    "references": [
                                        "data.azurerm_subnet.subnet.id",
                                        "data.azurerm_subnet.subnet"
                                    ]
                                }
                            }
                        ],
                        "virtual_network_type": {
                            "constant_value": "Internal"
                        }
                    },
                    "schema_version": 0
                },
                {
                    "address": "azurerm_api_management_identity_provider_aad.identity_provider_aad",
                    "mode": "managed",
                    "type": "azurerm_api_management_identity_provider_aad",
                    "name": "identity_provider_aad",
                    "provider_config_key": "azurerm",
                    "expressions": {
                        "allowed_tenants": {
                            "references": [
                                "var.TENANT_ID"
                            ]
                        },
                        "api_management_name": {
                            "references": [
                                "azurerm_api_management.api_management.name",
                                "azurerm_api_management.api_management"
                            ]
                        },
                        "client_id": {
                            "references": [
                                "var.APIM_IDENTITY_PROVIDER_CLIENT_ID"
                            ]
                        },
                        "client_secret": {
                            "references": [
                                "var.APIM_IDENTITY_PROVIDER_CLIENT_SECRET"
                            ]
                        },
                        "resource_group_name": {
                            "references": [
                                "data.azurerm_resource_group.rg.name",
                                "data.azurerm_resource_group.rg"
                            ]
                        },
                        "signin_tenant": {
                            "references": [
                                "var.TENANT_ID"
                            ]
                        }
                    },
                    "schema_version": 0
                },
                {
                    "address": "azurerm_application_insights.app_insights",
                    "mode": "managed",
                    "type": "azurerm_application_insights",
                    "name": "app_insights",
                    "provider_config_key": "azurerm",
                    "expressions": {
                        "application_type": {
                            "constant_value": "web"
                        },
                        "location": {
                            "references": [
                                "data.azurerm_resource_group.rg.location",
                                "data.azurerm_resource_group.rg"
                            ]
                        },
                        "name": {
                            "references": [
                                "local.application_insights_name"
                            ]
                        },
                        "resource_group_name": {
                            "references": [
                                "data.azurerm_resource_group.rg.name",
                                "data.azurerm_resource_group.rg"
                            ]
                        }
                    },
                    "schema_version": 0
                },
                {
                    "address": "azurerm_private_dns_zone.xxxx_dns_zone",
                    "mode": "managed",
                    "type": "azurerm_private_dns_zone",
                    "name": "xxxx_dns_zone",
                    "provider_config_key": "azurerm",
                    "expressions": {
                        "name": {
                            "constant_value": "xxxx.net"
                        },
                        "resource_group_name": {
                            "references": [
                                "data.azurerm_resource_group.rg.name",
                                "data.azurerm_resource_group.rg"
                            ]
                        }
                    },
                    "schema_version": 0
                },
                {
                    "address": "azurerm_private_dns_zone_virtual_network_link.private_dns_link",
                    "mode": "managed",
                    "type": "azurerm_private_dns_zone_virtual_network_link",
                    "name": "private_dns_link",
                    "provider_config_key": "azurerm",
                    "expressions": {
                        "name": {
                            "constant_value": "xxxx-dns-link"
                        },
                        "private_dns_zone_name": {
                            "references": [
                                "azurerm_private_dns_zone.xxxx_dns_zone.name",
                                "azurerm_private_dns_zone.xxxx_dns_zone"
                            ]
                        },
                        "resource_group_name": {
                            "references": [
                                "data.azurerm_resource_group.rg.name",
                                "data.azurerm_resource_group.rg"
                            ]
                        },
                        "virtual_network_id": {
                            "references": [
                                "data.azurerm_virtual_network.vnet.id",
                                "data.azurerm_virtual_network.vnet"
                            ]
                        }
                    },
                    "schema_version": 0
                },
                {
                    "address": "data.azurerm_resource_group.rg",
                    "mode": "data",
                    "type": "azurerm_resource_group",
                    "name": "rg",
                    "provider_config_key": "azurerm",
                    "expressions": {
                        "name": {
                            "references": [
                                "var.RG_NAME"
                            ]
                        }
                    },
                    "schema_version": 0
                },
                {
                    "address": "data.azurerm_subnet.subnet",
                    "mode": "data",
                    "type": "azurerm_subnet",
                    "name": "subnet",
                    "provider_config_key": "azurerm",
                    "expressions": {
                        "name": {
                            "references": [
                                "var.APIM_SNET_NAME"
                            ]
                        },
                        "resource_group_name": {
                            "references": [
                                "data.azurerm_resource_group.rg.name",
                                "data.azurerm_resource_group.rg"
                            ]
                        },
                        "virtual_network_name": {
                            "references": [
                                "data.azurerm_virtual_network.vnet.name",
                                "data.azurerm_virtual_network.vnet"
                            ]
                        }
                    },
                    "schema_version": 0
                },
                {
                    "address": "data.azurerm_virtual_network.vnet",
                    "mode": "data",
                    "type": "azurerm_virtual_network",
                    "name": "vnet",
                    "provider_config_key": "azurerm",
                    "expressions": {
                        "name": {
                            "references": [
                                "var.APIM_VNET_NAME"
                            ]
                        },
                        "resource_group_name": {
                            "references": [
                                "data.azurerm_resource_group.rg.name",
                                "data.azurerm_resource_group.rg"
                            ]
                        }
                    },
                    "schema_version": 0
                }
            ],
            "variables": {
                "APIM_CAPACITY": {
                    "description": "Number of deployed units of the sku"
                },
                "APIM_IDENTITY_PROVIDER_CLIENT_ID": {
                    "description": "Api Management identity provider client identifier."
                },
                "APIM_IDENTITY_PROVIDER_CLIENT_SECRET": {
                    "description": "Api Management identity provider client secret."
                },
                "APIM_SKU": {
                    "description": "SKU name"
                },
                "APIM_SNET_NAME": {
                    "description": "Virtual network subnet for apiManagement name."
                },
                "APIM_VNET_NAME": {
                    "description": "Virtual network for apiManagement name."
                },
                "INTER_CA": {
                    "description": "CA certificate in base64"
                },
                "RG_NAME": {
                    "description": "The resource group name."
                },
                "ROOT_CA": {
                    "description": "Root certificate in base64"
                },
                "TENANT_ID": {
                    "description": "Tenant identifier."
                }
            }
        }
    }
}